// !$*UTF8*$!
{
	archiveVersion = 1;
	classes = {
	};
	objectVersion = 52;
	objects = {

/* Begin PBXBuildFile section */
		6BCC414817FF7E553214E61F /* Pods_PerfectWeiBo.framework in Frameworks */ = {isa = PBXBuildFile; fileRef = 220D3E979B95F152034B34EB /* Pods_PerfectWeiBo.framework */; };
		D80C2E22251F338400CB6CFA /* Alamofire in Frameworks */ = {isa = PBXBuildFile; productRef = D80C2E21251F338400CB6CFA /* Alamofire */; };
		D80C2E39251F86BF00CB6CFA /* AdSupport.framework in Frameworks */ = {isa = PBXBuildFile; fileRef = D80C2E38251F86BF00CB6CFA /* AdSupport.framework */; };
		D80C2E3B251F86D800CB6CFA /* AppTrackingTransparency.framework in Frameworks */ = {isa = PBXBuildFile; fileRef = D80C2E3A251F86D800CB6CFA /* AppTrackingTransparency.framework */; };
		D80C2E5D251F95B700CB6CFA /* Launch Screen.storyboard in Resources */ = {isa = PBXBuildFile; fileRef = D80C2E5C251F95B700CB6CFA /* Launch Screen.storyboard */; };
		D8FF8E82251F250C00E06D63 /* PerfectWeiBoApp.swift in Sources */ = {isa = PBXBuildFile; fileRef = D8FF8E81251F250C00E06D63 /* PerfectWeiBoApp.swift */; };
		D8FF8E84251F250C00E06D63 /* ContentView.swift in Sources */ = {isa = PBXBuildFile; fileRef = D8FF8E83251F250C00E06D63 /* ContentView.swift */; };
		D8FF8E86251F250D00E06D63 /* Assets.xcassets in Resources */ = {isa = PBXBuildFile; fileRef = D8FF8E85251F250D00E06D63 /* Assets.xcassets */; };
		D8FF8E89251F250D00E06D63 /* Preview Assets.xcassets in Resources */ = {isa = PBXBuildFile; fileRef = D8FF8E88251F250D00E06D63 /* Preview Assets.xcassets */; };
		D8FF8E8B251F250D00E06D63 /* Persistence.swift in Sources */ = {isa = PBXBuildFile; fileRef = D8FF8E8A251F250D00E06D63 /* Persistence.swift */; };
		D8FF8E8E251F250D00E06D63 /* PerfectWeiBo.xcdatamodeld in Sources */ = {isa = PBXBuildFile; fileRef = D8FF8E8C251F250D00E06D63 /* PerfectWeiBo.xcdatamodeld */; };
/* End PBXBuildFile section */

/* Begin PBXFileReference section */
		12CA30948AD95470FD629670 /* Pods-PerfectWeiBo.debug.xcconfig */ = {isa = PBXFileReference; includeInIndex = 1; lastKnownFileType = text.xcconfig; name = "Pods-PerfectWeiBo.debug.xcconfig"; path = "Target Support Files/Pods-PerfectWeiBo/Pods-PerfectWeiBo.debug.xcconfig"; sourceTree = "<group>"; };
		220D3E979B95F152034B34EB /* Pods_PerfectWeiBo.framework */ = {isa = PBXFileReference; explicitFileType = wrapper.framework; includeInIndex = 0; path = Pods_PerfectWeiBo.framework; sourceTree = BUILT_PRODUCTS_DIR; };
		5463DB2667AAAD207636E896 /* Pods-PerfectWeiBo.release.xcconfig */ = {isa = PBXFileReference; includeInIndex = 1; lastKnownFileType = text.xcconfig; name = "Pods-PerfectWeiBo.release.xcconfig"; path = "Target Support Files/Pods-PerfectWeiBo/Pods-PerfectWeiBo.release.xcconfig"; sourceTree = "<group>"; };
		D80C2E38251F86BF00CB6CFA /* AdSupport.framework */ = {isa = PBXFileReference; lastKnownFileType = wrapper.framework; name = AdSupport.framework; path = System/Library/Frameworks/AdSupport.framework; sourceTree = SDKROOT; };
		D80C2E3A251F86D800CB6CFA /* AppTrackingTransparency.framework */ = {isa = PBXFileReference; lastKnownFileType = wrapper.framework; name = AppTrackingTransparency.framework; path = System/Library/Frameworks/AppTrackingTransparency.framework; sourceTree = SDKROOT; };
		D80C2E4D251F8EF500CB6CFA /* PerfectWeiBo-Bridging-Header.h */ = {isa = PBXFileReference; lastKnownFileType = sourcecode.c.h; path = "PerfectWeiBo-Bridging-Header.h"; sourceTree = "<group>"; };
		D80C2E4E251F8EF500CB6CFA /* ZHBridge.h */ = {isa = PBXFileReference; lastKnownFileType = sourcecode.c.h; path = ZHBridge.h; sourceTree = "<group>"; };
		D80C2E5C251F95B700CB6CFA /* Launch Screen.storyboard */ = {isa = PBXFileReference; lastKnownFileType = file.storyboard; path = "Launch Screen.storyboard"; sourceTree = "<group>"; };
		D8FF8E7E251F250C00E06D63 /* PerfectWeiBo.app */ = {isa = PBXFileReference; explicitFileType = wrapper.application; includeInIndex = 0; path = PerfectWeiBo.app; sourceTree = BUILT_PRODUCTS_DIR; };
		D8FF8E81251F250C00E06D63 /* PerfectWeiBoApp.swift */ = {isa = PBXFileReference; lastKnownFileType = sourcecode.swift; path = PerfectWeiBoApp.swift; sourceTree = "<group>"; };
		D8FF8E83251F250C00E06D63 /* ContentView.swift */ = {isa = PBXFileReference; lastKnownFileType = sourcecode.swift; path = ContentView.swift; sourceTree = "<group>"; };
		D8FF8E85251F250D00E06D63 /* Assets.xcassets */ = {isa = PBXFileReference; lastKnownFileType = folder.assetcatalog; path = Assets.xcassets; sourceTree = "<group>"; };
		D8FF8E88251F250D00E06D63 /* Preview Assets.xcassets */ = {isa = PBXFileReference; lastKnownFileType = folder.assetcatalog; path = "Preview Assets.xcassets"; sourceTree = "<group>"; };
		D8FF8E8A251F250D00E06D63 /* Persistence.swift */ = {isa = PBXFileReference; lastKnownFileType = sourcecode.swift; path = Persistence.swift; sourceTree = "<group>"; };
		D8FF8E8D251F250D00E06D63 /* PerfectWeiBo.xcdatamodel */ = {isa = PBXFileReference; lastKnownFileType = wrapper.xcdatamodel; path = PerfectWeiBo.xcdatamodel; sourceTree = "<group>"; };
		D8FF8E8F251F250D00E06D63 /* Info.plist */ = {isa = PBXFileReference; lastKnownFileType = text.plist.xml; path = Info.plist; sourceTree = "<group>"; };
/* End PBXFileReference section */

/* Begin PBXFrameworksBuildPhase section */
		D8FF8E7B251F250C00E06D63 /* Frameworks */ = {
			isa = PBXFrameworksBuildPhase;
			buildActionMask = 2147483647;
			files = (
				D80C2E3B251F86D800CB6CFA /* AppTrackingTransparency.framework in Frameworks */,
				D80C2E22251F338400CB6CFA /* Alamofire in Frameworks */,
				D80C2E39251F86BF00CB6CFA /* AdSupport.framework in Frameworks */,
				6BCC414817FF7E553214E61F /* Pods_PerfectWeiBo.framework in Frameworks */,
			);
			runOnlyForDeploymentPostprocessing = 0;
		};
/* End PBXFrameworksBuildPhase section */

/* Begin PBXGroup section */
		D80C2E37251F86BE00CB6CFA /* Frameworks */ = {
			isa = PBXGroup;
			children = (
				D80C2E3A251F86D800CB6CFA /* AppTrackingTransparency.framework */,
				D80C2E38251F86BF00CB6CFA /* AdSupport.framework */,
				220D3E979B95F152034B34EB /* Pods_PerfectWeiBo.framework */,
			);
			name = Frameworks;
			sourceTree = "<group>";
		};
		D80C2E4C251F8EDC00CB6CFA /* OCBridge */ = {
			isa = PBXGroup;
			children = (
				D80C2E4E251F8EF500CB6CFA /* ZHBridge.h */,
				D80C2E4D251F8EF500CB6CFA /* PerfectWeiBo-Bridging-Header.h */,
			);
			path = OCBridge;
			sourceTree = "<group>";
		};
		D80C2E53251F8F4F00CB6CFA /* Resource */ = {
			isa = PBXGroup;
			children = (
				D8FF8E8F251F250D00E06D63 /* Info.plist */,
				D8FF8E8C251F250D00E06D63 /* PerfectWeiBo.xcdatamodeld */,
				D8FF8E85251F250D00E06D63 /* Assets.xcassets */,
			);
			path = Resource;
			sourceTree = "<group>";
		};
		D8FF8E75251F250C00E06D63 = {
			isa = PBXGroup;
			children = (
				D8FF8E80251F250C00E06D63 /* PerfectWeiBo */,
				D8FF8E7F251F250C00E06D63 /* Products */,
				D80C2E37251F86BE00CB6CFA /* Frameworks */,
				E06F421DB7D640598BCD3648 /* Pods */,
			);
			sourceTree = "<group>";
		};
		D8FF8E7F251F250C00E06D63 /* Products */ = {
			isa = PBXGroup;
			children = (
				D8FF8E7E251F250C00E06D63 /* PerfectWeiBo.app */,
			);
			name = Products;
			sourceTree = "<group>";
		};
		D8FF8E80251F250C00E06D63 /* PerfectWeiBo */ = {
			isa = PBXGroup;
			children = (
				D8FF8E81251F250C00E06D63 /* PerfectWeiBoApp.swift */,
				D8FF8E83251F250C00E06D63 /* ContentView.swift */,
				D8FF8E8A251F250D00E06D63 /* Persistence.swift */,
				D80C2E5C251F95B700CB6CFA /* Launch Screen.storyboard */,
				D80C2E53251F8F4F00CB6CFA /* Resource */,
				D80C2E4C251F8EDC00CB6CFA /* OCBridge */,
				D8FF8E87251F250D00E06D63 /* Preview Content */,
			);
			path = PerfectWeiBo;
			sourceTree = "<group>";
		};
		D8FF8E87251F250D00E06D63 /* Preview Content */ = {
			isa = PBXGroup;
			children = (
				D8FF8E88251F250D00E06D63 /* Preview Assets.xcassets */,
			);
			path = "Preview Content";
			sourceTree = "<group>";
		};
		E06F421DB7D640598BCD3648 /* Pods */ = {
			isa = PBXGroup;
			children = (
				12CA30948AD95470FD629670 /* Pods-PerfectWeiBo.debug.xcconfig */,
				5463DB2667AAAD207636E896 /* Pods-PerfectWeiBo.release.xcconfig */,
			);
			path = Pods;
			sourceTree = "<group>";
		};
/* End PBXGroup section */

/* Begin PBXNativeTarget section */
		D8FF8E7D251F250C00E06D63 /* PerfectWeiBo */ = {
			isa = PBXNativeTarget;
			buildConfigurationList = D8FF8E92251F250D00E06D63 /* Build configuration list for PBXNativeTarget "PerfectWeiBo" */;
			buildPhases = (
				60F2713FFC0CAAE7FFA83A5E /* [CP] Check Pods Manifest.lock */,
				D8FF8E7A251F250C00E06D63 /* Sources */,
				D8FF8E7B251F250C00E06D63 /* Frameworks */,
				D8FF8E7C251F250C00E06D63 /* Resources */,
				4AB2FB20DEED3C6D684939BC /* [CP] Copy Pods Resources */,
			);
			buildRules = (
			);
			dependencies = (
			);
			name = PerfectWeiBo;
			packageProductDependencies = (
				D80C2E21251F338400CB6CFA /* Alamofire */,
			);
			productName = PerfectWeiBo;
			productReference = D8FF8E7E251F250C00E06D63 /* PerfectWeiBo.app */;
			productType = "com.apple.product-type.application";
		};
/* End PBXNativeTarget section */

/* Begin PBXProject section */
		D8FF8E76251F250C00E06D63 /* Project object */ = {
			isa = PBXProject;
			attributes = {
				LastSwiftUpdateCheck = 1200;
				LastUpgradeCheck = 1200;
				TargetAttributes = {
					D8FF8E7D251F250C00E06D63 = {
						CreatedOnToolsVersion = 12.0.1;
						LastSwiftMigration = 1200;
					};
				};
			};
			buildConfigurationList = D8FF8E79251F250C00E06D63 /* Build configuration list for PBXProject "PerfectWeiBo" */;
			compatibilityVersion = "Xcode 9.3";
			developmentRegion = en;
			hasScannedForEncodings = 0;
			knownRegions = (
				en,
				Base,
			);
			mainGroup = D8FF8E75251F250C00E06D63;
			packageReferences = (
				D80C2E20251F338400CB6CFA /* XCRemoteSwiftPackageReference "Alamofire" */,
			);
			productRefGroup = D8FF8E7F251F250C00E06D63 /* Products */;
			projectDirPath = "";
			projectRoot = "";
			targets = (
				D8FF8E7D251F250C00E06D63 /* PerfectWeiBo */,
			);
		};
/* End PBXProject section */

/* Begin PBXResourcesBuildPhase section */
		D8FF8E7C251F250C00E06D63 /* Resources */ = {
			isa = PBXResourcesBuildPhase;
			buildActionMask = 2147483647;
			files = (
				D80C2E5D251F95B700CB6CFA /* Launch Screen.storyboard in Resources */,
				D8FF8E89251F250D00E06D63 /* Preview Assets.xcassets in Resources */,
				D8FF8E86251F250D00E06D63 /* Assets.xcassets in Resources */,
			);
			runOnlyForDeploymentPostprocessing = 0;
		};
/* End PBXResourcesBuildPhase section */

/* Begin PBXShellScriptBuildPhase section */
		4AB2FB20DEED3C6D684939BC /* [CP] Copy Pods Resources */ = {
			isa = PBXShellScriptBuildPhase;
			buildActionMask = 2147483647;
			files = (
			);
			inputFileListPaths = (
				"${PODS_ROOT}/Target Support Files/Pods-PerfectWeiBo/Pods-PerfectWeiBo-resources-${CONFIGURATION}-input-files.xcfilelist",
			);
			name = "[CP] Copy Pods Resources";
			outputFileListPaths = (
				"${PODS_ROOT}/Target Support Files/Pods-PerfectWeiBo/Pods-PerfectWeiBo-resources-${CONFIGURATION}-output-files.xcfilelist",
			);
			runOnlyForDeploymentPostprocessing = 0;
			shellPath = /bin/sh;
			shellScript = "\"${PODS_ROOT}/Target Support Files/Pods-PerfectWeiBo/Pods-PerfectWeiBo-resources.sh\"\n";
			showEnvVarsInLog = 0;
		};
		60F2713FFC0CAAE7FFA83A5E /* [CP] Check Pods Manifest.lock */ = {
			isa = PBXShellScriptBuildPhase;
			buildActionMask = 2147483647;
			files = (
			);
			inputFileListPaths = (
			);
			inputPaths = (
				"${PODS_PODFILE_DIR_PATH}/Podfile.lock",
				"${PODS_ROOT}/Manifest.lock",
			);
			name = "[CP] Check Pods Manifest.lock";
			outputFileListPaths = (
			);
			outputPaths = (
				"$(DERIVED_FILE_DIR)/Pods-PerfectWeiBo-checkManifestLockResult.txt",
			);
			runOnlyForDeploymentPostprocessing = 0;
			shellPath = /bin/sh;
			shellScript = "diff \"${PODS_PODFILE_DIR_PATH}/Podfile.lock\" \"${PODS_ROOT}/Manifest.lock\" > /dev/null\nif [ $? != 0 ] ; then\n    # print error to STDERR\n    echo \"error: The sandbox is not in sync with the Podfile.lock. Run 'pod install' or update your CocoaPods installation.\" >&2\n    exit 1\nfi\n# This output is used by Xcode 'outputs' to avoid re-running this script phase.\necho \"SUCCESS\" > \"${SCRIPT_OUTPUT_FILE_0}\"\n";
			showEnvVarsInLog = 0;
		};
/* End PBXShellScriptBuildPhase section */

/* Begin PBXSourcesBuildPhase section */
		D8FF8E7A251F250C00E06D63 /* Sources */ = {
			isa = PBXSourcesBuildPhase;
			buildActionMask = 2147483647;
			files = (
				D8FF8E8E251F250D00E06D63 /* PerfectWeiBo.xcdatamodeld in Sources */,
				D8FF8E8B251F250D00E06D63 /* Persistence.swift in Sources */,
				D8FF8E84251F250C00E06D63 /* ContentView.swift in Sources */,
				D8FF8E82251F250C00E06D63 /* PerfectWeiBoApp.swift in Sources */,
			);
			runOnlyForDeploymentPostprocessing = 0;
		};
/* End PBXSourcesBuildPhase section */

/* Begin XCBuildConfiguration section */
		D8FF8E90251F250D00E06D63 /* Debug */ = {
			isa = XCBuildConfiguration;
			buildSettings = {
				ALWAYS_SEARCH_USER_PATHS = NO;
				CLANG_ANALYZER_NONNULL = YES;
				CLANG_ANALYZER_NUMBER_OBJECT_CONVERSION = YES_AGGRESSIVE;
				CLANG_CXX_LANGUAGE_STANDARD = "gnu++14";
				CLANG_CXX_LIBRARY = "libc++";
				CLANG_ENABLE_MODULES = YES;
				CLANG_ENABLE_OBJC_ARC = YES;
				CLANG_ENABLE_OBJC_WEAK = YES;
				CLANG_WARN_BLOCK_CAPTURE_AUTORELEASING = YES;
				CLANG_WARN_BOOL_CONVERSION = YES;
				CLANG_WARN_COMMA = YES;
				CLANG_WARN_CONSTANT_CONVERSION = YES;
				CLANG_WARN_DEPRECATED_OBJC_IMPLEMENTATIONS = YES;
				CLANG_WARN_DIRECT_OBJC_ISA_USAGE = YES_ERROR;
				CLANG_WARN_DOCUMENTATION_COMMENTS = YES;
				CLANG_WARN_EMPTY_BODY = YES;
				CLANG_WARN_ENUM_CONVERSION = YES;
				CLANG_WARN_INFINITE_RECURSION = YES;
				CLANG_WARN_INT_CONVERSION = YES;
				CLANG_WARN_NON_LITERAL_NULL_CONVERSION = YES;
				CLANG_WARN_OBJC_IMPLICIT_RETAIN_SELF = YES;
				CLANG_WARN_OBJC_LITERAL_CONVERSION = YES;
				CLANG_WARN_OBJC_ROOT_CLASS = YES_ERROR;
				CLANG_WARN_QUOTED_INCLUDE_IN_FRAMEWORK_HEADER = YES;
				CLANG_WARN_RANGE_LOOP_ANALYSIS = YES;
				CLANG_WARN_STRICT_PROTOTYPES = YES;
				CLANG_WARN_SUSPICIOUS_MOVE = YES;
				CLANG_WARN_UNGUARDED_AVAILABILITY = YES_AGGRESSIVE;
				CLANG_WARN_UNREACHABLE_CODE = YES;
				CLANG_WARN__DUPLICATE_METHOD_MATCH = YES;
				COPY_PHASE_STRIP = NO;
				DEBUG_INFORMATION_FORMAT = dwarf;
				ENABLE_STRICT_OBJC_MSGSEND = YES;
				ENABLE_TESTABILITY = YES;
				GCC_C_LANGUAGE_STANDARD = gnu11;
				GCC_DYNAMIC_NO_PIC = NO;
				GCC_NO_COMMON_BLOCKS = YES;
				GCC_OPTIMIZATION_LEVEL = 0;
				GCC_PREPROCESSOR_DEFINITIONS = (
					"DEBUG=1",
					"$(inherited)",
				);
				GCC_WARN_64_TO_32_BIT_CONVERSION = YES;
				GCC_WARN_ABOUT_RETURN_TYPE = YES_ERROR;
				GCC_WARN_UNDECLARED_SELECTOR = YES;
				GCC_WARN_UNINITIALIZED_AUTOS = YES_AGGRESSIVE;
				GCC_WARN_UNUSED_FUNCTION = YES;
				GCC_WARN_UNUSED_VARIABLE = YES;
				IPHONEOS_DEPLOYMENT_TARGET = 14.0;
				MTL_ENABLE_DEBUG_INFO = INCLUDE_SOURCE;
				MTL_FAST_MATH = YES;
				ONLY_ACTIVE_ARCH = YES;
				SDKROOT = iphoneos;
				SWIFT_ACTIVE_COMPILATION_CONDITIONS = DEBUG;
				SWIFT_OPTIMIZATION_LEVEL = "-Onone";
			};
			name = Debug;
		};
		D8FF8E91251F250D00E06D63 /* Release */ = {
			isa = XCBuildConfiguration;
			buildSettings = {
				ALWAYS_SEARCH_USER_PATHS = NO;
				CLANG_ANALYZER_NONNULL = YES;
				CLANG_ANALYZER_NUMBER_OBJECT_CONVERSION = YES_AGGRESSIVE;
				CLANG_CXX_LANGUAGE_STANDARD = "gnu++14";
				CLANG_CXX_LIBRARY = "libc++";
				CLANG_ENABLE_MODULES = YES;
				CLANG_ENABLE_OBJC_ARC = YES;
				CLANG_ENABLE_OBJC_WEAK = YES;
				CLANG_WARN_BLOCK_CAPTURE_AUTORELEASING = YES;
				CLANG_WARN_BOOL_CONVERSION = YES;
				CLANG_WARN_COMMA = YES;
				CLANG_WARN_CONSTANT_CONVERSION = YES;
				CLANG_WARN_DEPRECATED_OBJC_IMPLEMENTATIONS = YES;
				CLANG_WARN_DIRECT_OBJC_ISA_USAGE = YES_ERROR;
				CLANG_WARN_DOCUMENTATION_COMMENTS = YES;
				CLANG_WARN_EMPTY_BODY = YES;
				CLANG_WARN_ENUM_CONVERSION = YES;
				CLANG_WARN_INFINITE_RECURSION = YES;
				CLANG_WARN_INT_CONVERSION = YES;
				CLANG_WARN_NON_LITERAL_NULL_CONVERSION = YES;
				CLANG_WARN_OBJC_IMPLICIT_RETAIN_SELF = YES;
				CLANG_WARN_OBJC_LITERAL_CONVERSION = YES;
				CLANG_WARN_OBJC_ROOT_CLASS = YES_ERROR;
				CLANG_WARN_QUOTED_INCLUDE_IN_FRAMEWORK_HEADER = YES;
				CLANG_WARN_RANGE_LOOP_ANALYSIS = YES;
				CLANG_WARN_STRICT_PROTOTYPES = YES;
				CLANG_WARN_SUSPICIOUS_MOVE = YES;
				CLANG_WARN_UNGUARDED_AVAILABILITY = YES_AGGRESSIVE;
				CLANG_WARN_UNREACHABLE_CODE = YES;
				CLANG_WARN__DUPLICATE_METHOD_MATCH = YES;
				COPY_PHASE_STRIP = NO;
				DEBUG_INFORMATION_FORMAT = "dwarf-with-dsym";
				ENABLE_NS_ASSERTIONS = NO;
				ENABLE_STRICT_OBJC_MSGSEND = YES;
				GCC_C_LANGUAGE_STANDARD = gnu11;
				GCC_NO_COMMON_BLOCKS = YES;
				GCC_WARN_64_TO_32_BIT_CONVERSION = YES;
				GCC_WARN_ABOUT_RETURN_TYPE = YES_ERROR;
				GCC_WARN_UNDECLARED_SELECTOR = YES;
				GCC_WARN_UNINITIALIZED_AUTOS = YES_AGGRESSIVE;
				GCC_WARN_UNUSED_FUNCTION = YES;
				GCC_WARN_UNUSED_VARIABLE = YES;
				IPHONEOS_DEPLOYMENT_TARGET = 14.0;
				MTL_ENABLE_DEBUG_INFO = NO;
				MTL_FAST_MATH = YES;
				SDKROOT = iphoneos;
				SWIFT_COMPILATION_MODE = wholemodule;
				SWIFT_OPTIMIZATION_LEVEL = "-O";
				VALIDATE_PRODUCT = YES;
			};
			name = Release;
		};
		D8FF8E93251F250D00E06D63 /* Debug */ = {
			isa = XCBuildConfiguration;
			baseConfigurationReference = 12CA30948AD95470FD629670 /* Pods-PerfectWeiBo.debug.xcconfig */;
			buildSettings = {
				ASSETCATALOG_COMPILER_APPICON_NAME = AppIcon;
				ASSETCATALOG_COMPILER_GLOBAL_ACCENT_COLOR_NAME = AccentColor;
				CLANG_ENABLE_MODULES = YES;
				CODE_SIGN_STYLE = Automatic;
				DEVELOPMENT_ASSET_PATHS = "\"PerfectWeiBo/Preview Content\"";
				ENABLE_PREVIEWS = YES;
				FRAMEWORK_SEARCH_PATHS = (
					"$(inherited)",
					"$(PROJECT_DIR)/PerfectWeiBo/ThirdLibraries/BUAd",
				);
				INFOPLIST_FILE = PerfectWeiBo/Resource/Info.plist;
				IPHONEOS_DEPLOYMENT_TARGET = 14.0;
				LD_RUNPATH_SEARCH_PATHS = (
					"$(inherited)",
					"@executable_path/Frameworks",
				);
				PRODUCT_BUNDLE_IDENTIFIER = com.wangzh.joe.PerfectWeiBo;
				PRODUCT_NAME = "$(TARGET_NAME)";
				SWIFT_OBJC_BRIDGING_HEADER = "PerfectWeiBo/OCBridge/PerfectWeiBo-Bridging-Header.h";
				SWIFT_OPTIMIZATION_LEVEL = "-Onone";
				SWIFT_VERSION = 5.0;
				TARGETED_DEVICE_FAMILY = "1,2";
			};
			name = Debug;
		};
		D8FF8E94251F250D00E06D63 /* Release */ = {
			isa = XCBuildConfiguration;
			baseConfigurationReference = 5463DB2667AAAD207636E896 /* Pods-PerfectWeiBo.release.xcconfig */;
			buildSettings = {
				ASSETCATALOG_COMPILER_APPICON_NAME = AppIcon;
				ASSETCATALOG_COMPILER_GLOBAL_ACCENT_COLOR_NAME = AccentColor;
				CLANG_ENABLE_MODULES = YES;
				CODE_SIGN_STYLE = Automatic;
				DEVELOPMENT_ASSET_PATHS = "\"PerfectWeiBo/Preview Content\"";
				ENABLE_PREVIEWS = YES;
				FRAMEWORK_SEARCH_PATHS = (
					"$(inherited)",
					"$(PROJECT_DIR)/PerfectWeiBo/ThirdLibraries/BUAd",
				);
				INFOPLIST_FILE = PerfectWeiBo/Resource/Info.plist;
				IPHONEOS_DEPLOYMENT_TARGET = 14.0;
				LD_RUNPATH_SEARCH_PATHS = (
					"$(inherited)",
					"@executable_path/Frameworks",
				);
				PRODUCT_BUNDLE_IDENTIFIER = com.wangzh.joe.PerfectWeiBo;
				PRODUCT_NAME = "$(TARGET_NAME)";
				SWIFT_OBJC_BRIDGING_HEADER = "PerfectWeiBo/OCBridge/PerfectWeiBo-Bridging-Header.h";
				SWIFT_VERSION = 5.0;
				TARGETED_DEVICE_FAMILY = "1,2";
			};
			name = Release;
		};
/* End XCBuildConfiguration section */

/* Begin XCConfigurationList section */
		D8FF8E79251F250C00E06D63 /* Build configuration list for PBXProject "PerfectWeiBo" */ = {
			isa = XCConfigurationList;
			buildConfigurations = (
				D8FF8E90251F250D00E06D63 /* Debug */,
				D8FF8E91251F250D00E06D63 /* Release */,
			);
			defaultConfigurationIsVisible = 0;
			defaultConfigurationName = Release;
		};
		D8FF8E92251F250D00E06D63 /* Build configuration list for PBXNativeTarget "PerfectWeiBo" */ = {
			isa = XCConfigurationList;
			buildConfigurations = (
				D8FF8E93251F250D00E06D63 /* Debug */,
				D8FF8E94251F250D00E06D63 /* Release */,
			);
			defaultConfigurationIsVisible = 0;
			defaultConfigurationName = Release;
		};
/* End XCConfigurationList section */

/* Begin XCRemoteSwiftPackageReference section */
		D80C2E20251F338400CB6CFA /* XCRemoteSwiftPackageReference "Alamofire" */ = {
			isa = XCRemoteSwiftPackageReference;
			repositoryURL = "https://github.com.cnpmjs.org/Alamofire/Alamofire.git";
			requirement = {
				kind = upToNextMajorVersion;
				minimumVersion = 5.2.2;
			};
		};
/* End XCRemoteSwiftPackageReference section */

/* Begin XCSwiftPackageProductDependency section */
		D80C2E21251F338400CB6CFA /* Alamofire */ = {
			isa = XCSwiftPackageProductDependency;
			package = D80C2E20251F338400CB6CFA /* XCRemoteSwiftPackageReference "Alamofire" */;
			productName = Alamofire;
		};
/* End XCSwiftPackageProductDependency section */

/* Begin XCVersionGroup section */
		D8FF8E8C251F250D00E06D63 /* PerfectWeiBo.xcdatamodeld */ = {
			isa = XCVersionGroup;
			children = (
				D8FF8E8D251F250D00E06D63 /* PerfectWeiBo.xcdatamodel */,
			);
			currentVersion = D8FF8E8D251F250D00E06D63 /* PerfectWeiBo.xcdatamodel */;
			path = PerfectWeiBo.xcdatamodeld;
			sourceTree = "<group>";
			versionGroupType = wrapper.xcdatamodel;
		};
/* End XCVersionGroup section */
	};
	rootObject = D8FF8E76251F250C00E06D63 /* Project object */;
}
